
Microsoft Visual Studio Solution File, Format Version 12.00
# Visual Studio 14
VisualStudioVersion = 14.0.25420.1
MinimumVisualStudioVersion = 10.0.40219.1
Project("{FAE04EC0-301F-11D3-BF4B-00C04F79EFBC}") = "DataAccessLayer", "DataAccessLayer\DataAccessLayer.csproj", "{A7205D8E-460C-49C4-8CB5-C76D4EC056CA}"
EndProject
Project("{FAE04EC0-301F-11D3-BF4B-00C04F79EFBC}") = "WindowsFormsApplication1", "WindowsFormsApplication1\WindowsFormsApplication1.csproj", "{10FDB441-1DC6-4CC5-B409-7AFEEA79799D}"
EndProject
Global
	GlobalSection(SolutionConfigurationPlatforms) = preSolution
		Debug|Any CPU = Debug|Any CPU
		Release|Any CPU = Release|Any CPU
	EndGlobalSection
	GlobalSection(ProjectConfigurationPlatforms) = postSolution
		{A7205D8E-460C-49C4-8CB5-C76D4EC056CA}.Debug|Any CPU.ActiveCfg = Debug|Any CPU
		{A7205D8E-460C-49C4-8CB5-C76D4EC056CA}.Debug|Any CPU.Build.0 = Debug|Any CPU
		{A7205D8E-460C-49C4-8CB5-C76D4EC056CA}.Release|Any CPU.ActiveCfg = Release|Any CPU
		{A7205D8E-460C-49C4-8CB5-C76D4EC056CA}.Release|Any CPU.Build.0 = Release|Any CPU
		{10FDB441-1DC6-4CC5-B409-7AFEEA79799D}.Debug|Any CPU.ActiveCfg = Debug|Any CPU
		{10FDB441-1DC6-4CC5-B409-7AFEEA79799D}.Debug|Any CPU.Build.0 = Debug|Any CPU
		{10FDB441-1DC6-4CC5-B409-7AFEEA79799D}.Release|Any CPU.ActiveCfg = Release|Any CPU
		{10FDB441-1DC6-4CC5-B409-7AFEEA79799D}.Release|Any CPU.Build.0 = Release|Any CPU
	EndGlobalSection
	GlobalSection(SolutionProperties) = preSolution
		HideSolutionNode = FALSE
	EndGlobalSection
EndGlobal
